
Microsoft Visual Studio Solution File, Format Version 12.00
# Visual Studio Version 16
VisualStudioVersion = 16.0.33214.272
MinimumVisualStudioVersion = 10.0.40219.1
Project("{FAE04EC0-301F-11D3-BF4B-00C04F79EFBC}") = "s4_moop_lw_10", "s4_moop_lw_10\s4_moop_lw_10.csproj", "{7CB3CE36-2B1F-4657-9DC5-580548318241}"
EndProject
Project("{FAE04EC0-301F-11D3-BF4B-00C04F79EFBC}") = "s4_moop_lw_10_wpf", "s4_moop_lw_10_wpf\s4_moop_lw_10_wpf.csproj", "{C531132D-9610-4D8C-9CAE-7F1D448F137C}"
EndProject
Project("{FAE04EC0-301F-11D3-BF4B-00C04F79EFBC}") = "s4_moop_lw_10_test", "s4_moop_lw_10_test\s4_moop_lw_10_test.csproj", "{04400A91-4A7D-46F5-9128-29FC596A900F}"
EndProject
Global
	GlobalSection(SolutionConfigurationPlatforms) = preSolution
		Debug|Any CPU = Debug|Any CPU
		Release|Any CPU = Release|Any CPU
	EndGlobalSection
	GlobalSection(ProjectConfigurationPlatforms) = postSolution
		{7CB3CE36-2B1F-4657-9DC5-580548318241}.Debug|Any CPU.ActiveCfg = Debug|Any CPU
		{7CB3CE36-2B1F-4657-9DC5-580548318241}.Debug|Any CPU.Build.0 = Debug|Any CPU
		{7CB3CE36-2B1F-4657-9DC5-580548318241}.Release|Any CPU.ActiveCfg = Release|Any CPU
		{7CB3CE36-2B1F-4657-9DC5-580548318241}.Release|Any CPU.Build.0 = Release|Any CPU
		{C531132D-9610-4D8C-9CAE-7F1D448F137C}.Debug|Any CPU.ActiveCfg = Debug|Any CPU
		{C531132D-9610-4D8C-9CAE-7F1D448F137C}.Debug|Any CPU.Build.0 = Debug|Any CPU
		{C531132D-9610-4D8C-9CAE-7F1D448F137C}.Release|Any CPU.ActiveCfg = Release|Any CPU
		{C531132D-9610-4D8C-9CAE-7F1D448F137C}.Release|Any CPU.Build.0 = Release|Any CPU
		{04400A91-4A7D-46F5-9128-29FC596A900F}.Debug|Any CPU.ActiveCfg = Debug|Any CPU
		{04400A91-4A7D-46F5-9128-29FC596A900F}.Debug|Any CPU.Build.0 = Debug|Any CPU
		{04400A91-4A7D-46F5-9128-29FC596A900F}.Release|Any CPU.ActiveCfg = Release|Any CPU
		{04400A91-4A7D-46F5-9128-29FC596A900F}.Release|Any CPU.Build.0 = Release|Any CPU
	EndGlobalSection
	GlobalSection(SolutionProperties) = preSolution
		HideSolutionNode = FALSE
	EndGlobalSection
	GlobalSection(ExtensibilityGlobals) = postSolution
		SolutionGuid = {ABC11A84-5912-46CE-9C7A-770769514939}
	EndGlobalSection
EndGlobal
