
Microsoft Visual Studio Solution File, Format Version 12.00
# Visual Studio Version 16
VisualStudioVersion = 16.0.31624.102
MinimumVisualStudioVersion = 10.0.40219.1
Project("{FAE04EC0-301F-11D3-BF4B-00C04F79EFBC}") = "Matrix75", "Matrix75\Matrix75.csproj", "{2EF9D784-8BB4-442C-A1C2-99D264B17435}"
EndProject
Global
	GlobalSection(SolutionConfigurationPlatforms) = preSolution
		Debug|Any CPU = Debug|Any CPU
		Release|Any CPU = Release|Any CPU
	EndGlobalSection
	GlobalSection(ProjectConfigurationPlatforms) = postSolution
		{2EF9D784-8BB4-442C-A1C2-99D264B17435}.Debug|Any CPU.ActiveCfg = Debug|Any CPU
		{2EF9D784-8BB4-442C-A1C2-99D264B17435}.Debug|Any CPU.Build.0 = Debug|Any CPU
		{2EF9D784-8BB4-442C-A1C2-99D264B17435}.Release|Any CPU.ActiveCfg = Release|Any CPU
		{2EF9D784-8BB4-442C-A1C2-99D264B17435}.Release|Any CPU.Build.0 = Release|Any CPU
	EndGlobalSection
	GlobalSection(SolutionProperties) = preSolution
		HideSolutionNode = FALSE
	EndGlobalSection
	GlobalSection(ExtensibilityGlobals) = postSolution
		SolutionGuid = {E6F25752-2B95-4CC0-BDB1-CAF76F0F15AC}
	EndGlobalSection
EndGlobal
