
Microsoft Visual Studio Solution File, Format Version 12.00
# Visual Studio Version 16
VisualStudioVersion = 16.0.32901.82
MinimumVisualStudioVersion = 10.0.40219.1
Project("{FAE04EC0-301F-11D3-BF4B-00C04F79EFBC}") = "s2_asd_lw_04", "s2_asd_lw_04.csproj", "{512BBA39-AD7A-4B6B-A916-D259C5CD712B}"
EndProject
Global
	GlobalSection(SolutionConfigurationPlatforms) = preSolution
		Debug|Any CPU = Debug|Any CPU
		Release|Any CPU = Release|Any CPU
	EndGlobalSection
	GlobalSection(ProjectConfigurationPlatforms) = postSolution
		{512BBA39-AD7A-4B6B-A916-D259C5CD712B}.Debug|Any CPU.ActiveCfg = Debug|Any CPU
		{512BBA39-AD7A-4B6B-A916-D259C5CD712B}.Debug|Any CPU.Build.0 = Debug|Any CPU
		{512BBA39-AD7A-4B6B-A916-D259C5CD712B}.Release|Any CPU.ActiveCfg = Release|Any CPU
		{512BBA39-AD7A-4B6B-A916-D259C5CD712B}.Release|Any CPU.Build.0 = Release|Any CPU
	EndGlobalSection
	GlobalSection(SolutionProperties) = preSolution
		HideSolutionNode = FALSE
	EndGlobalSection
	GlobalSection(ExtensibilityGlobals) = postSolution
		SolutionGuid = {276E5841-16BD-4507-BF13-51F8C2C8576F}
	EndGlobalSection
EndGlobal
