
Microsoft Visual Studio Solution File, Format Version 12.00
# Visual Studio Version 16
VisualStudioVersion = 16.0.32901.82
MinimumVisualStudioVersion = 10.0.40219.1
Project("{FAE04EC0-301F-11D3-BF4B-00C04F79EFBC}") = "s2_oop_lw_01_02", "s2_oop_lw_01_02.csproj", "{655A5B7A-5588-4011-A68C-97F8270ACB8C}"
EndProject
Global
	GlobalSection(SolutionConfigurationPlatforms) = preSolution
		Debug|Any CPU = Debug|Any CPU
		Release|Any CPU = Release|Any CPU
	EndGlobalSection
	GlobalSection(ProjectConfigurationPlatforms) = postSolution
		{655A5B7A-5588-4011-A68C-97F8270ACB8C}.Debug|Any CPU.ActiveCfg = Debug|Any CPU
		{655A5B7A-5588-4011-A68C-97F8270ACB8C}.Debug|Any CPU.Build.0 = Debug|Any CPU
		{655A5B7A-5588-4011-A68C-97F8270ACB8C}.Release|Any CPU.ActiveCfg = Release|Any CPU
		{655A5B7A-5588-4011-A68C-97F8270ACB8C}.Release|Any CPU.Build.0 = Release|Any CPU
	EndGlobalSection
	GlobalSection(SolutionProperties) = preSolution
		HideSolutionNode = FALSE
	EndGlobalSection
	GlobalSection(ExtensibilityGlobals) = postSolution
		SolutionGuid = {ABDBC50A-0DC5-4915-B2A9-44640A593729}
	EndGlobalSection
EndGlobal
