
Microsoft Visual Studio Solution File, Format Version 12.00
# Visual Studio Version 16
VisualStudioVersion = 16.0.32901.82
MinimumVisualStudioVersion = 10.0.40219.1
Project("{FAE04EC0-301F-11D3-BF4B-00C04F79EFBC}") = "s2_moi_lw_14_03", "s2_moi_lw_14_03.csproj", "{36932FDE-5302-468F-AE67-1DC31783270A}"
EndProject
Global
	GlobalSection(SolutionConfigurationPlatforms) = preSolution
		Debug|Any CPU = Debug|Any CPU
		Release|Any CPU = Release|Any CPU
	EndGlobalSection
	GlobalSection(ProjectConfigurationPlatforms) = postSolution
		{36932FDE-5302-468F-AE67-1DC31783270A}.Debug|Any CPU.ActiveCfg = Debug|Any CPU
		{36932FDE-5302-468F-AE67-1DC31783270A}.Debug|Any CPU.Build.0 = Debug|Any CPU
		{36932FDE-5302-468F-AE67-1DC31783270A}.Release|Any CPU.ActiveCfg = Release|Any CPU
		{36932FDE-5302-468F-AE67-1DC31783270A}.Release|Any CPU.Build.0 = Release|Any CPU
	EndGlobalSection
	GlobalSection(SolutionProperties) = preSolution
		HideSolutionNode = FALSE
	EndGlobalSection
	GlobalSection(ExtensibilityGlobals) = postSolution
		SolutionGuid = {3DA1F202-26C4-467C-A7BD-F651855C4424}
	EndGlobalSection
EndGlobal
