
Microsoft Visual Studio Solution File, Format Version 12.00
# Visual Studio Version 16
VisualStudioVersion = 16.0.32901.82
MinimumVisualStudioVersion = 10.0.40219.1
Project("{FAE04EC0-301F-11D3-BF4B-00C04F79EFBC}") = "s1_prog_lw_03_03", "s1_prog_lw_03_03.csproj", "{A0E676CE-2D86-4656-AFFF-432B75BA0E82}"
EndProject
Global
	GlobalSection(SolutionConfigurationPlatforms) = preSolution
		Debug|Any CPU = Debug|Any CPU
		Release|Any CPU = Release|Any CPU
	EndGlobalSection
	GlobalSection(ProjectConfigurationPlatforms) = postSolution
		{A0E676CE-2D86-4656-AFFF-432B75BA0E82}.Debug|Any CPU.ActiveCfg = Debug|Any CPU
		{A0E676CE-2D86-4656-AFFF-432B75BA0E82}.Debug|Any CPU.Build.0 = Debug|Any CPU
		{A0E676CE-2D86-4656-AFFF-432B75BA0E82}.Release|Any CPU.ActiveCfg = Release|Any CPU
		{A0E676CE-2D86-4656-AFFF-432B75BA0E82}.Release|Any CPU.Build.0 = Release|Any CPU
	EndGlobalSection
	GlobalSection(SolutionProperties) = preSolution
		HideSolutionNode = FALSE
	EndGlobalSection
	GlobalSection(ExtensibilityGlobals) = postSolution
		SolutionGuid = {4ACDF9AA-D397-452C-B372-0059D02EED4B}
	EndGlobalSection
EndGlobal
