
Microsoft Visual Studio Solution File, Format Version 12.00
# Visual Studio Version 16
VisualStudioVersion = 16.0.32901.82
MinimumVisualStudioVersion = 10.0.40219.1
Project("{FAE04EC0-301F-11D3-BF4B-00C04F79EFBC}") = "s1_prog_lw_06", "s1_prog_lw_06.csproj", "{C38009B6-DC4B-4E61-8EC4-F46AD6C2E17B}"
EndProject
Global
	GlobalSection(SolutionConfigurationPlatforms) = preSolution
		Debug|Any CPU = Debug|Any CPU
		Release|Any CPU = Release|Any CPU
	EndGlobalSection
	GlobalSection(ProjectConfigurationPlatforms) = postSolution
		{C38009B6-DC4B-4E61-8EC4-F46AD6C2E17B}.Debug|Any CPU.ActiveCfg = Debug|Any CPU
		{C38009B6-DC4B-4E61-8EC4-F46AD6C2E17B}.Debug|Any CPU.Build.0 = Debug|Any CPU
		{C38009B6-DC4B-4E61-8EC4-F46AD6C2E17B}.Release|Any CPU.ActiveCfg = Release|Any CPU
		{C38009B6-DC4B-4E61-8EC4-F46AD6C2E17B}.Release|Any CPU.Build.0 = Release|Any CPU
	EndGlobalSection
	GlobalSection(SolutionProperties) = preSolution
		HideSolutionNode = FALSE
	EndGlobalSection
	GlobalSection(ExtensibilityGlobals) = postSolution
		SolutionGuid = {54DC0DC5-B028-47CF-8B75-6472DCDB9F3D}
	EndGlobalSection
EndGlobal
