
Microsoft Visual Studio Solution File, Format Version 12.00
# Visual Studio Version 16
VisualStudioVersion = 16.0.31624.102
MinimumVisualStudioVersion = 10.0.40219.1
Project("{FAE04EC0-301F-11D3-BF4B-00C04F79EFBC}") = "Array21", "Array21\Array21.csproj", "{CA32F32B-EBA6-43C8-935C-BEE33A2DFF33}"
EndProject
Global
	GlobalSection(SolutionConfigurationPlatforms) = preSolution
		Debug|Any CPU = Debug|Any CPU
		Release|Any CPU = Release|Any CPU
	EndGlobalSection
	GlobalSection(ProjectConfigurationPlatforms) = postSolution
		{CA32F32B-EBA6-43C8-935C-BEE33A2DFF33}.Debug|Any CPU.ActiveCfg = Debug|Any CPU
		{CA32F32B-EBA6-43C8-935C-BEE33A2DFF33}.Debug|Any CPU.Build.0 = Debug|Any CPU
		{CA32F32B-EBA6-43C8-935C-BEE33A2DFF33}.Release|Any CPU.ActiveCfg = Release|Any CPU
		{CA32F32B-EBA6-43C8-935C-BEE33A2DFF33}.Release|Any CPU.Build.0 = Release|Any CPU
	EndGlobalSection
	GlobalSection(SolutionProperties) = preSolution
		HideSolutionNode = FALSE
	EndGlobalSection
	GlobalSection(ExtensibilityGlobals) = postSolution
		SolutionGuid = {F2685502-6E04-4CDB-8224-35DB974A9AB9}
	EndGlobalSection
EndGlobal
