
Microsoft Visual Studio Solution File, Format Version 12.00
# Visual Studio Version 16
VisualStudioVersion = 16.0.32901.82
MinimumVisualStudioVersion = 10.0.40219.1
Project("{FAE04EC0-301F-11D3-BF4B-00C04F79EFBC}") = "s1_prog_lw_03_02", "s1_prog_lw_03_02.csproj", "{405E5E4C-8A0A-4B7C-9AD7-445D3C3263C6}"
EndProject
Global
	GlobalSection(SolutionConfigurationPlatforms) = preSolution
		Debug|Any CPU = Debug|Any CPU
		Release|Any CPU = Release|Any CPU
	EndGlobalSection
	GlobalSection(ProjectConfigurationPlatforms) = postSolution
		{405E5E4C-8A0A-4B7C-9AD7-445D3C3263C6}.Debug|Any CPU.ActiveCfg = Debug|Any CPU
		{405E5E4C-8A0A-4B7C-9AD7-445D3C3263C6}.Debug|Any CPU.Build.0 = Debug|Any CPU
		{405E5E4C-8A0A-4B7C-9AD7-445D3C3263C6}.Release|Any CPU.ActiveCfg = Release|Any CPU
		{405E5E4C-8A0A-4B7C-9AD7-445D3C3263C6}.Release|Any CPU.Build.0 = Release|Any CPU
	EndGlobalSection
	GlobalSection(SolutionProperties) = preSolution
		HideSolutionNode = FALSE
	EndGlobalSection
	GlobalSection(ExtensibilityGlobals) = postSolution
		SolutionGuid = {0BD8E758-ED6A-492A-850A-EA8AFE23E688}
	EndGlobalSection
EndGlobal
