
Microsoft Visual Studio Solution File, Format Version 12.00
# Visual Studio Version 16
VisualStudioVersion = 16.0.32901.82
MinimumVisualStudioVersion = 10.0.40219.1
Project("{FAE04EC0-301F-11D3-BF4B-00C04F79EFBC}") = "s1_prog_lw_07_01", "s1_prog_lw_07_01.csproj", "{F609F4C0-40FD-411F-A440-FC23C8A62D3B}"
EndProject
Global
	GlobalSection(SolutionConfigurationPlatforms) = preSolution
		Debug|Any CPU = Debug|Any CPU
		Release|Any CPU = Release|Any CPU
	EndGlobalSection
	GlobalSection(ProjectConfigurationPlatforms) = postSolution
		{F609F4C0-40FD-411F-A440-FC23C8A62D3B}.Debug|Any CPU.ActiveCfg = Debug|Any CPU
		{F609F4C0-40FD-411F-A440-FC23C8A62D3B}.Debug|Any CPU.Build.0 = Debug|Any CPU
		{F609F4C0-40FD-411F-A440-FC23C8A62D3B}.Release|Any CPU.ActiveCfg = Release|Any CPU
		{F609F4C0-40FD-411F-A440-FC23C8A62D3B}.Release|Any CPU.Build.0 = Release|Any CPU
	EndGlobalSection
	GlobalSection(SolutionProperties) = preSolution
		HideSolutionNode = FALSE
	EndGlobalSection
	GlobalSection(ExtensibilityGlobals) = postSolution
		SolutionGuid = {17C9A98D-BDDD-4396-9AF5-B94581C28D08}
	EndGlobalSection
EndGlobal
