
Microsoft Visual Studio Solution File, Format Version 12.00
# Visual Studio Version 16
VisualStudioVersion = 16.0.32901.82
MinimumVisualStudioVersion = 10.0.40219.1
Project("{FAE04EC0-301F-11D3-BF4B-00C04F79EFBC}") = "s2_moi_lw_14_02", "s2_moi_lw_14_02.csproj", "{2CE5CCFA-47D3-429E-AB9F-00449CEE84DD}"
EndProject
Global
	GlobalSection(SolutionConfigurationPlatforms) = preSolution
		Debug|Any CPU = Debug|Any CPU
		Release|Any CPU = Release|Any CPU
	EndGlobalSection
	GlobalSection(ProjectConfigurationPlatforms) = postSolution
		{2CE5CCFA-47D3-429E-AB9F-00449CEE84DD}.Debug|Any CPU.ActiveCfg = Debug|Any CPU
		{2CE5CCFA-47D3-429E-AB9F-00449CEE84DD}.Debug|Any CPU.Build.0 = Debug|Any CPU
		{2CE5CCFA-47D3-429E-AB9F-00449CEE84DD}.Release|Any CPU.ActiveCfg = Release|Any CPU
		{2CE5CCFA-47D3-429E-AB9F-00449CEE84DD}.Release|Any CPU.Build.0 = Release|Any CPU
	EndGlobalSection
	GlobalSection(SolutionProperties) = preSolution
		HideSolutionNode = FALSE
	EndGlobalSection
	GlobalSection(ExtensibilityGlobals) = postSolution
		SolutionGuid = {808B3101-5782-4D03-AD23-AB6AE2774CFD}
	EndGlobalSection
EndGlobal
