
Microsoft Visual Studio Solution File, Format Version 12.00
# Visual Studio Version 16
VisualStudioVersion = 16.0.32901.82
MinimumVisualStudioVersion = 10.0.40219.1
Project("{FAE04EC0-301F-11D3-BF4B-00C04F79EFBC}") = "s3_evm_lw_08", "s3_evm_lw_08.csproj", "{98AFE17D-D01C-49A5-9038-1B3A667AF084}"
EndProject
Global
	GlobalSection(SolutionConfigurationPlatforms) = preSolution
		Debug|Any CPU = Debug|Any CPU
		Release|Any CPU = Release|Any CPU
	EndGlobalSection
	GlobalSection(ProjectConfigurationPlatforms) = postSolution
		{98AFE17D-D01C-49A5-9038-1B3A667AF084}.Debug|Any CPU.ActiveCfg = Debug|Any CPU
		{98AFE17D-D01C-49A5-9038-1B3A667AF084}.Debug|Any CPU.Build.0 = Debug|Any CPU
		{98AFE17D-D01C-49A5-9038-1B3A667AF084}.Release|Any CPU.ActiveCfg = Release|Any CPU
		{98AFE17D-D01C-49A5-9038-1B3A667AF084}.Release|Any CPU.Build.0 = Release|Any CPU
	EndGlobalSection
	GlobalSection(SolutionProperties) = preSolution
		HideSolutionNode = FALSE
	EndGlobalSection
	GlobalSection(ExtensibilityGlobals) = postSolution
		SolutionGuid = {7F92C539-9091-4EC9-A66A-D2B73BD6FEBD}
	EndGlobalSection
EndGlobal
