
Microsoft Visual Studio Solution File, Format Version 12.00
# Visual Studio Version 16
VisualStudioVersion = 16.0.32901.82
MinimumVisualStudioVersion = 10.0.40219.1
Project("{FAE04EC0-301F-11D3-BF4B-00C04F79EFBC}") = "s2_moi_lw_06", "s2_moi_lw_06.csproj", "{F02A3A1E-38D8-4B67-9A91-DD4C516C78BE}"
EndProject
Global
	GlobalSection(SolutionConfigurationPlatforms) = preSolution
		Debug|Any CPU = Debug|Any CPU
		Release|Any CPU = Release|Any CPU
	EndGlobalSection
	GlobalSection(ProjectConfigurationPlatforms) = postSolution
		{F02A3A1E-38D8-4B67-9A91-DD4C516C78BE}.Debug|Any CPU.ActiveCfg = Debug|Any CPU
		{F02A3A1E-38D8-4B67-9A91-DD4C516C78BE}.Debug|Any CPU.Build.0 = Debug|Any CPU
		{F02A3A1E-38D8-4B67-9A91-DD4C516C78BE}.Release|Any CPU.ActiveCfg = Release|Any CPU
		{F02A3A1E-38D8-4B67-9A91-DD4C516C78BE}.Release|Any CPU.Build.0 = Release|Any CPU
	EndGlobalSection
	GlobalSection(SolutionProperties) = preSolution
		HideSolutionNode = FALSE
	EndGlobalSection
	GlobalSection(ExtensibilityGlobals) = postSolution
		SolutionGuid = {72389ED5-B81F-46A6-8183-5AAC4EB0861D}
	EndGlobalSection
EndGlobal
