
Microsoft Visual Studio Solution File, Format Version 12.00
# Visual Studio Version 16
VisualStudioVersion = 16.0.31624.102
MinimumVisualStudioVersion = 10.0.40219.1
Project("{FAE04EC0-301F-11D3-BF4B-00C04F79EFBC}") = "Array113", "Array113\Array113.csproj", "{108C43F9-D8CC-43EF-A061-B6403B44E40A}"
EndProject
Global
	GlobalSection(SolutionConfigurationPlatforms) = preSolution
		Debug|Any CPU = Debug|Any CPU
		Release|Any CPU = Release|Any CPU
	EndGlobalSection
	GlobalSection(ProjectConfigurationPlatforms) = postSolution
		{108C43F9-D8CC-43EF-A061-B6403B44E40A}.Debug|Any CPU.ActiveCfg = Debug|Any CPU
		{108C43F9-D8CC-43EF-A061-B6403B44E40A}.Debug|Any CPU.Build.0 = Debug|Any CPU
		{108C43F9-D8CC-43EF-A061-B6403B44E40A}.Release|Any CPU.ActiveCfg = Release|Any CPU
		{108C43F9-D8CC-43EF-A061-B6403B44E40A}.Release|Any CPU.Build.0 = Release|Any CPU
	EndGlobalSection
	GlobalSection(SolutionProperties) = preSolution
		HideSolutionNode = FALSE
	EndGlobalSection
	GlobalSection(ExtensibilityGlobals) = postSolution
		SolutionGuid = {7BF8847E-6FAE-445D-BBBC-3DBEB6931A8F}
	EndGlobalSection
EndGlobal
