
Microsoft Visual Studio Solution File, Format Version 12.00
# Visual Studio Version 16
VisualStudioVersion = 16.0.32901.82
MinimumVisualStudioVersion = 10.0.40219.1
Project("{FAE04EC0-301F-11D3-BF4B-00C04F79EFBC}") = "s2_asd_cw", "s2_asd_cw.csproj", "{2596F96A-1E3C-4F3C-AF3B-C8E68303D7DB}"
EndProject
Global
	GlobalSection(SolutionConfigurationPlatforms) = preSolution
		Debug|Any CPU = Debug|Any CPU
		Release|Any CPU = Release|Any CPU
	EndGlobalSection
	GlobalSection(ProjectConfigurationPlatforms) = postSolution
		{2596F96A-1E3C-4F3C-AF3B-C8E68303D7DB}.Debug|Any CPU.ActiveCfg = Debug|Any CPU
		{2596F96A-1E3C-4F3C-AF3B-C8E68303D7DB}.Debug|Any CPU.Build.0 = Debug|Any CPU
		{2596F96A-1E3C-4F3C-AF3B-C8E68303D7DB}.Release|Any CPU.ActiveCfg = Release|Any CPU
		{2596F96A-1E3C-4F3C-AF3B-C8E68303D7DB}.Release|Any CPU.Build.0 = Release|Any CPU
	EndGlobalSection
	GlobalSection(SolutionProperties) = preSolution
		HideSolutionNode = FALSE
	EndGlobalSection
	GlobalSection(ExtensibilityGlobals) = postSolution
		SolutionGuid = {4782941F-186F-4906-9DF3-1552807577D2}
	EndGlobalSection
EndGlobal
