
Microsoft Visual Studio Solution File, Format Version 12.00
# Visual Studio Version 16
VisualStudioVersion = 16.0.32901.82
MinimumVisualStudioVersion = 10.0.40219.1
Project("{FAE04EC0-301F-11D3-BF4B-00C04F79EFBC}") = "s2_oop_lw_05", "s2_oop_lw_05.csproj", "{2B1BF9FC-CE10-46AE-9D7C-A8094A4393A0}"
EndProject
Global
	GlobalSection(SolutionConfigurationPlatforms) = preSolution
		Debug|Any CPU = Debug|Any CPU
		Release|Any CPU = Release|Any CPU
	EndGlobalSection
	GlobalSection(ProjectConfigurationPlatforms) = postSolution
		{2B1BF9FC-CE10-46AE-9D7C-A8094A4393A0}.Debug|Any CPU.ActiveCfg = Debug|Any CPU
		{2B1BF9FC-CE10-46AE-9D7C-A8094A4393A0}.Debug|Any CPU.Build.0 = Debug|Any CPU
		{2B1BF9FC-CE10-46AE-9D7C-A8094A4393A0}.Release|Any CPU.ActiveCfg = Release|Any CPU
		{2B1BF9FC-CE10-46AE-9D7C-A8094A4393A0}.Release|Any CPU.Build.0 = Release|Any CPU
	EndGlobalSection
	GlobalSection(SolutionProperties) = preSolution
		HideSolutionNode = FALSE
	EndGlobalSection
	GlobalSection(ExtensibilityGlobals) = postSolution
		SolutionGuid = {301965FD-E048-47DD-ABD2-E195578B99A7}
	EndGlobalSection
EndGlobal
