
Microsoft Visual Studio Solution File, Format Version 12.00
# Visual Studio Version 16
VisualStudioVersion = 16.0.32901.82
MinimumVisualStudioVersion = 10.0.40219.1
Project("{FAE04EC0-301F-11D3-BF4B-00C04F79EFBC}") = "s2_moi_lw_09_01", "s2_moi_lw_09_01.csproj", "{A6E44879-7D53-449A-B540-972CB48BAC06}"
EndProject
Global
	GlobalSection(SolutionConfigurationPlatforms) = preSolution
		Debug|Any CPU = Debug|Any CPU
		Release|Any CPU = Release|Any CPU
	EndGlobalSection
	GlobalSection(ProjectConfigurationPlatforms) = postSolution
		{A6E44879-7D53-449A-B540-972CB48BAC06}.Debug|Any CPU.ActiveCfg = Debug|Any CPU
		{A6E44879-7D53-449A-B540-972CB48BAC06}.Debug|Any CPU.Build.0 = Debug|Any CPU
		{A6E44879-7D53-449A-B540-972CB48BAC06}.Release|Any CPU.ActiveCfg = Release|Any CPU
		{A6E44879-7D53-449A-B540-972CB48BAC06}.Release|Any CPU.Build.0 = Release|Any CPU
	EndGlobalSection
	GlobalSection(SolutionProperties) = preSolution
		HideSolutionNode = FALSE
	EndGlobalSection
	GlobalSection(ExtensibilityGlobals) = postSolution
		SolutionGuid = {32BFF5AB-993F-4DE3-86AE-6DACEFE879D0}
	EndGlobalSection
EndGlobal
