
Microsoft Visual Studio Solution File, Format Version 12.00
Project("{FAE04EC0-301F-11D3-BF4B-00C04F79EFBC}") = "s4_moop_lw_09", "s4_moop_lw_09\s4_moop_lw_09.csproj", "{97352779-D08F-4CAE-996B-E3F3F2F30910}"
EndProject
Project("{FAE04EC0-301F-11D3-BF4B-00C04F79EFBC}") = "s4_moop_lw_09_test", "s4_moop_lw_09_test\s4_moop_lw_09_test.csproj", "{296E30E3-DD3E-40A1-ADB9-C4660032CCA7}"
EndProject
Global
	GlobalSection(SolutionConfigurationPlatforms) = preSolution
		Debug|Any CPU = Debug|Any CPU
		Release|Any CPU = Release|Any CPU
	EndGlobalSection
	GlobalSection(ProjectConfigurationPlatforms) = postSolution
		{97352779-D08F-4CAE-996B-E3F3F2F30910}.Debug|Any CPU.ActiveCfg = Debug|Any CPU
		{97352779-D08F-4CAE-996B-E3F3F2F30910}.Debug|Any CPU.Build.0 = Debug|Any CPU
		{97352779-D08F-4CAE-996B-E3F3F2F30910}.Release|Any CPU.ActiveCfg = Release|Any CPU
		{97352779-D08F-4CAE-996B-E3F3F2F30910}.Release|Any CPU.Build.0 = Release|Any CPU
		{296E30E3-DD3E-40A1-ADB9-C4660032CCA7}.Debug|Any CPU.ActiveCfg = Debug|Any CPU
		{296E30E3-DD3E-40A1-ADB9-C4660032CCA7}.Debug|Any CPU.Build.0 = Debug|Any CPU
		{296E30E3-DD3E-40A1-ADB9-C4660032CCA7}.Release|Any CPU.ActiveCfg = Release|Any CPU
		{296E30E3-DD3E-40A1-ADB9-C4660032CCA7}.Release|Any CPU.Build.0 = Release|Any CPU
	EndGlobalSection
EndGlobal
