
Microsoft Visual Studio Solution File, Format Version 12.00
# Visual Studio Version 16
VisualStudioVersion = 16.0.32901.82
MinimumVisualStudioVersion = 10.0.40219.1
Project("{FAE04EC0-301F-11D3-BF4B-00C04F79EFBC}") = "s2_oml_lw_01_03", "s2_oml_lw_01_03.csproj", "{F4821BD6-FA7C-436B-908B-42DF5D6FDD9F}"
EndProject
Global
	GlobalSection(SolutionConfigurationPlatforms) = preSolution
		Debug|Any CPU = Debug|Any CPU
		Release|Any CPU = Release|Any CPU
	EndGlobalSection
	GlobalSection(ProjectConfigurationPlatforms) = postSolution
		{F4821BD6-FA7C-436B-908B-42DF5D6FDD9F}.Debug|Any CPU.ActiveCfg = Debug|Any CPU
		{F4821BD6-FA7C-436B-908B-42DF5D6FDD9F}.Debug|Any CPU.Build.0 = Debug|Any CPU
		{F4821BD6-FA7C-436B-908B-42DF5D6FDD9F}.Release|Any CPU.ActiveCfg = Release|Any CPU
		{F4821BD6-FA7C-436B-908B-42DF5D6FDD9F}.Release|Any CPU.Build.0 = Release|Any CPU
	EndGlobalSection
	GlobalSection(SolutionProperties) = preSolution
		HideSolutionNode = FALSE
	EndGlobalSection
	GlobalSection(ExtensibilityGlobals) = postSolution
		SolutionGuid = {A06521F6-C425-403F-B684-E2A7CC5D76D4}
	EndGlobalSection
EndGlobal
