
Microsoft Visual Studio Solution File, Format Version 12.00
# Visual Studio Version 17
VisualStudioVersion = 17.8.34330.188
MinimumVisualStudioVersion = 10.0.40219.1
Project("{FAE04EC0-301F-11D3-BF4B-00C04F79EFBC}") = "s5_tpo_lw_03_tests", "s5_tpo_lw_03_tests\s5_tpo_lw_03_tests.csproj", "{3DE3D716-637E-4C71-8362-549E7ACBA159}"
EndProject
Project("{FAE04EC0-301F-11D3-BF4B-00C04F79EFBC}") = "s5_tpo_lw_03", "s5_tpo_lw_03\s5_tpo_lw_03.csproj", "{527AAE76-D51A-41AC-B473-FE5E7E506571}"
EndProject
Global
	GlobalSection(SolutionConfigurationPlatforms) = preSolution
		Debug|Any CPU = Debug|Any CPU
		Release|Any CPU = Release|Any CPU
	EndGlobalSection
	GlobalSection(ProjectConfigurationPlatforms) = postSolution
		{3DE3D716-637E-4C71-8362-549E7ACBA159}.Debug|Any CPU.ActiveCfg = Debug|Any CPU
		{3DE3D716-637E-4C71-8362-549E7ACBA159}.Debug|Any CPU.Build.0 = Debug|Any CPU
		{3DE3D716-637E-4C71-8362-549E7ACBA159}.Release|Any CPU.ActiveCfg = Release|Any CPU
		{3DE3D716-637E-4C71-8362-549E7ACBA159}.Release|Any CPU.Build.0 = Release|Any CPU
		{527AAE76-D51A-41AC-B473-FE5E7E506571}.Debug|Any CPU.ActiveCfg = Debug|Any CPU
		{527AAE76-D51A-41AC-B473-FE5E7E506571}.Debug|Any CPU.Build.0 = Debug|Any CPU
		{527AAE76-D51A-41AC-B473-FE5E7E506571}.Release|Any CPU.ActiveCfg = Release|Any CPU
		{527AAE76-D51A-41AC-B473-FE5E7E506571}.Release|Any CPU.Build.0 = Release|Any CPU
	EndGlobalSection
	GlobalSection(SolutionProperties) = preSolution
		HideSolutionNode = FALSE
	EndGlobalSection
	GlobalSection(ExtensibilityGlobals) = postSolution
		SolutionGuid = {C8FE04BE-8164-4F02-8B83-813D78CD6486}
	EndGlobalSection
EndGlobal
