
Microsoft Visual Studio Solution File, Format Version 12.00
# Visual Studio Version 16
VisualStudioVersion = 16.0.32901.82
MinimumVisualStudioVersion = 10.0.40219.1
Project("{FAE04EC0-301F-11D3-BF4B-00C04F79EFBC}") = "s2_asd_lw_07_02", "s2_asd_lw_07_02.csproj", "{CDD9113D-5428-4900-A2AC-D7A0DF9AB191}"
EndProject
Global
	GlobalSection(SolutionConfigurationPlatforms) = preSolution
		Debug|Any CPU = Debug|Any CPU
		Release|Any CPU = Release|Any CPU
	EndGlobalSection
	GlobalSection(ProjectConfigurationPlatforms) = postSolution
		{CDD9113D-5428-4900-A2AC-D7A0DF9AB191}.Debug|Any CPU.ActiveCfg = Debug|Any CPU
		{CDD9113D-5428-4900-A2AC-D7A0DF9AB191}.Debug|Any CPU.Build.0 = Debug|Any CPU
		{CDD9113D-5428-4900-A2AC-D7A0DF9AB191}.Release|Any CPU.ActiveCfg = Release|Any CPU
		{CDD9113D-5428-4900-A2AC-D7A0DF9AB191}.Release|Any CPU.Build.0 = Release|Any CPU
	EndGlobalSection
	GlobalSection(SolutionProperties) = preSolution
		HideSolutionNode = FALSE
	EndGlobalSection
	GlobalSection(ExtensibilityGlobals) = postSolution
		SolutionGuid = {A64F0AF3-F333-4FE7-80AC-3C05667FD500}
	EndGlobalSection
EndGlobal
