
Microsoft Visual Studio Solution File, Format Version 12.00
# Visual Studio Version 16
VisualStudioVersion = 16.0.32901.82
MinimumVisualStudioVersion = 10.0.40219.1
Project("{FAE04EC0-301F-11D3-BF4B-00C04F79EFBC}") = "s1_prog_cw_01", "s1_prog_cw_01.csproj", "{78DB0D27-DE1B-428B-A312-E87BB40D13D3}"
EndProject
Global
	GlobalSection(SolutionConfigurationPlatforms) = preSolution
		Debug|Any CPU = Debug|Any CPU
		Release|Any CPU = Release|Any CPU
	EndGlobalSection
	GlobalSection(ProjectConfigurationPlatforms) = postSolution
		{78DB0D27-DE1B-428B-A312-E87BB40D13D3}.Debug|Any CPU.ActiveCfg = Debug|Any CPU
		{78DB0D27-DE1B-428B-A312-E87BB40D13D3}.Debug|Any CPU.Build.0 = Debug|Any CPU
		{78DB0D27-DE1B-428B-A312-E87BB40D13D3}.Release|Any CPU.ActiveCfg = Release|Any CPU
		{78DB0D27-DE1B-428B-A312-E87BB40D13D3}.Release|Any CPU.Build.0 = Release|Any CPU
	EndGlobalSection
	GlobalSection(SolutionProperties) = preSolution
		HideSolutionNode = FALSE
	EndGlobalSection
	GlobalSection(ExtensibilityGlobals) = postSolution
		SolutionGuid = {4816C55C-5A16-4106-9B99-87BAF969A9B6}
	EndGlobalSection
EndGlobal
