
Microsoft Visual Studio Solution File, Format Version 12.00
# Visual Studio Version 16
VisualStudioVersion = 16.0.32901.82
MinimumVisualStudioVersion = 10.0.40219.1
Project("{FAE04EC0-301F-11D3-BF4B-00C04F79EFBC}") = "s1_prog_lw_05", "s1_prog_lw_05.csproj", "{51860E24-7C55-45BD-9363-A9A6641DB0ED}"
EndProject
Global
	GlobalSection(SolutionConfigurationPlatforms) = preSolution
		Debug|Any CPU = Debug|Any CPU
		Release|Any CPU = Release|Any CPU
	EndGlobalSection
	GlobalSection(ProjectConfigurationPlatforms) = postSolution
		{51860E24-7C55-45BD-9363-A9A6641DB0ED}.Debug|Any CPU.ActiveCfg = Debug|Any CPU
		{51860E24-7C55-45BD-9363-A9A6641DB0ED}.Debug|Any CPU.Build.0 = Debug|Any CPU
		{51860E24-7C55-45BD-9363-A9A6641DB0ED}.Release|Any CPU.ActiveCfg = Release|Any CPU
		{51860E24-7C55-45BD-9363-A9A6641DB0ED}.Release|Any CPU.Build.0 = Release|Any CPU
	EndGlobalSection
	GlobalSection(SolutionProperties) = preSolution
		HideSolutionNode = FALSE
	EndGlobalSection
	GlobalSection(ExtensibilityGlobals) = postSolution
		SolutionGuid = {9D56BADA-5379-4D23-B157-07359A2CFEB5}
	EndGlobalSection
EndGlobal
