
Microsoft Visual Studio Solution File, Format Version 12.00
# Visual Studio Version 16
VisualStudioVersion = 16.0.31624.102
MinimumVisualStudioVersion = 10.0.40219.1
Project("{FAE04EC0-301F-11D3-BF4B-00C04F79EFBC}") = "Array81", "Array81\Array81.csproj", "{8167C2D1-BC31-4A7F-827B-7D504D7152E5}"
EndProject
Global
	GlobalSection(SolutionConfigurationPlatforms) = preSolution
		Debug|Any CPU = Debug|Any CPU
		Release|Any CPU = Release|Any CPU
	EndGlobalSection
	GlobalSection(ProjectConfigurationPlatforms) = postSolution
		{8167C2D1-BC31-4A7F-827B-7D504D7152E5}.Debug|Any CPU.ActiveCfg = Debug|Any CPU
		{8167C2D1-BC31-4A7F-827B-7D504D7152E5}.Debug|Any CPU.Build.0 = Debug|Any CPU
		{8167C2D1-BC31-4A7F-827B-7D504D7152E5}.Release|Any CPU.ActiveCfg = Release|Any CPU
		{8167C2D1-BC31-4A7F-827B-7D504D7152E5}.Release|Any CPU.Build.0 = Release|Any CPU
	EndGlobalSection
	GlobalSection(SolutionProperties) = preSolution
		HideSolutionNode = FALSE
	EndGlobalSection
	GlobalSection(ExtensibilityGlobals) = postSolution
		SolutionGuid = {AEB4193D-8F78-44D9-A002-D3F7EBE11E2B}
	EndGlobalSection
EndGlobal
