
Microsoft Visual Studio Solution File, Format Version 12.00
# Visual Studio Version 16
VisualStudioVersion = 16.0.32901.82
MinimumVisualStudioVersion = 10.0.40219.1
Project("{FAE04EC0-301F-11D3-BF4B-00C04F79EFBC}") = "s2_oml_lw_09", "s2_oml_lw_09.csproj", "{F32532AD-8719-4B20-959D-96F10EE140EB}"
EndProject
Global
	GlobalSection(SolutionConfigurationPlatforms) = preSolution
		Debug|Any CPU = Debug|Any CPU
		Release|Any CPU = Release|Any CPU
	EndGlobalSection
	GlobalSection(ProjectConfigurationPlatforms) = postSolution
		{F32532AD-8719-4B20-959D-96F10EE140EB}.Debug|Any CPU.ActiveCfg = Debug|Any CPU
		{F32532AD-8719-4B20-959D-96F10EE140EB}.Debug|Any CPU.Build.0 = Debug|Any CPU
		{F32532AD-8719-4B20-959D-96F10EE140EB}.Release|Any CPU.ActiveCfg = Release|Any CPU
		{F32532AD-8719-4B20-959D-96F10EE140EB}.Release|Any CPU.Build.0 = Release|Any CPU
	EndGlobalSection
	GlobalSection(SolutionProperties) = preSolution
		HideSolutionNode = FALSE
	EndGlobalSection
	GlobalSection(ExtensibilityGlobals) = postSolution
		SolutionGuid = {EB07EFC5-1E78-440C-8AE7-F3565CEF1834}
	EndGlobalSection
EndGlobal
