
Microsoft Visual Studio Solution File, Format Version 12.00
# Visual Studio Version 16
VisualStudioVersion = 16.0.32901.82
MinimumVisualStudioVersion = 10.0.40219.1
Project("{FAE04EC0-301F-11D3-BF4B-00C04F79EFBC}") = "s2_moi_lw_14_01", "s2_moi_lw_14_01.csproj", "{2215E632-A0A6-45FB-8C73-9E17585D7F9C}"
EndProject
Global
	GlobalSection(SolutionConfigurationPlatforms) = preSolution
		Debug|Any CPU = Debug|Any CPU
		Release|Any CPU = Release|Any CPU
	EndGlobalSection
	GlobalSection(ProjectConfigurationPlatforms) = postSolution
		{2215E632-A0A6-45FB-8C73-9E17585D7F9C}.Debug|Any CPU.ActiveCfg = Debug|Any CPU
		{2215E632-A0A6-45FB-8C73-9E17585D7F9C}.Debug|Any CPU.Build.0 = Debug|Any CPU
		{2215E632-A0A6-45FB-8C73-9E17585D7F9C}.Release|Any CPU.ActiveCfg = Release|Any CPU
		{2215E632-A0A6-45FB-8C73-9E17585D7F9C}.Release|Any CPU.Build.0 = Release|Any CPU
	EndGlobalSection
	GlobalSection(SolutionProperties) = preSolution
		HideSolutionNode = FALSE
	EndGlobalSection
	GlobalSection(ExtensibilityGlobals) = postSolution
		SolutionGuid = {19B447DF-DEE4-4082-9B2F-A72FE8D644CA}
	EndGlobalSection
EndGlobal
