
Microsoft Visual Studio Solution File, Format Version 12.00
# Visual Studio Version 16
VisualStudioVersion = 16.0.31624.102
MinimumVisualStudioVersion = 10.0.40219.1
Project("{FAE04EC0-301F-11D3-BF4B-00C04F79EFBC}") = "Array137", "Array137\Array137.csproj", "{643BE817-9CFD-419C-A14C-B7DD52BF968F}"
EndProject
Global
	GlobalSection(SolutionConfigurationPlatforms) = preSolution
		Debug|Any CPU = Debug|Any CPU
		Release|Any CPU = Release|Any CPU
	EndGlobalSection
	GlobalSection(ProjectConfigurationPlatforms) = postSolution
		{643BE817-9CFD-419C-A14C-B7DD52BF968F}.Debug|Any CPU.ActiveCfg = Debug|Any CPU
		{643BE817-9CFD-419C-A14C-B7DD52BF968F}.Debug|Any CPU.Build.0 = Debug|Any CPU
		{643BE817-9CFD-419C-A14C-B7DD52BF968F}.Release|Any CPU.ActiveCfg = Release|Any CPU
		{643BE817-9CFD-419C-A14C-B7DD52BF968F}.Release|Any CPU.Build.0 = Release|Any CPU
	EndGlobalSection
	GlobalSection(SolutionProperties) = preSolution
		HideSolutionNode = FALSE
	EndGlobalSection
	GlobalSection(ExtensibilityGlobals) = postSolution
		SolutionGuid = {49409914-5714-4FBE-BC53-0D06706F2E4B}
	EndGlobalSection
EndGlobal
