
Microsoft Visual Studio Solution File, Format Version 12.00
# Visual Studio Version 16
VisualStudioVersion = 16.0.32901.82
MinimumVisualStudioVersion = 10.0.40219.1
Project("{FAE04EC0-301F-11D3-BF4B-00C04F79EFBC}") = "s2_asd_lw_02_02", "s2_asd_lw_02_02.csproj", "{1CF541AF-4376-44B3-8024-679DEAC1A22D}"
EndProject
Global
	GlobalSection(SolutionConfigurationPlatforms) = preSolution
		Debug|Any CPU = Debug|Any CPU
		Release|Any CPU = Release|Any CPU
	EndGlobalSection
	GlobalSection(ProjectConfigurationPlatforms) = postSolution
		{1CF541AF-4376-44B3-8024-679DEAC1A22D}.Debug|Any CPU.ActiveCfg = Debug|Any CPU
		{1CF541AF-4376-44B3-8024-679DEAC1A22D}.Debug|Any CPU.Build.0 = Debug|Any CPU
		{1CF541AF-4376-44B3-8024-679DEAC1A22D}.Release|Any CPU.ActiveCfg = Release|Any CPU
		{1CF541AF-4376-44B3-8024-679DEAC1A22D}.Release|Any CPU.Build.0 = Release|Any CPU
	EndGlobalSection
	GlobalSection(SolutionProperties) = preSolution
		HideSolutionNode = FALSE
	EndGlobalSection
	GlobalSection(ExtensibilityGlobals) = postSolution
		SolutionGuid = {06EBBF94-DD97-45FD-A98F-82C85C9DD702}
	EndGlobalSection
EndGlobal
